{
  "version": 4,
  "terraform_version": "1.5.0",
  "serial": 12,
  "lineage": "a6253627-4ed7-a7e8-0eee-ab3bfa443165",
  "outputs": {
    "wordpress_TXT_record": {
      "value": "teste output",
      "type": "string"
    }
  },
  "resources": [
    {
      "mode": "managed",
      "type": "cloudflare_record",
      "name": "wordpress_A",
      "provider": "provider[\"registry.terraform.io/cloudflare/cloudflare\"]",
      "instances": [
        {
          "schema_version": 2,
          "attributes": {
            "allow_overwrite": false,
            "comment": "wordpress teste",
            "created_on": "2023-06-14T05:44:09.441596Z",
            "data": [],
            "hostname": "wordpress.gmaceu.com.br",
            "id": "f24c9ff0139237a0a4dd9d4fe992881b",
            "metadata": {
              "auto_added": "false",
              "managed_by_apps": "false",
              "managed_by_argo_tunnel": "false",
              "source": "primary"
            },
            "modified_on": "2023-06-14T06:00:27.389093Z",
            "name": "wordpress",
            "priority": null,
            "proxiable": false,
            "proxied": false,
            "tags": [],
            "timeouts": null,
            "ttl": 3600,
            "type": "TXT",
            "value": "teste output",
            "zone_id": "cc6f5f16ea2cba28e65be5545159245f"
          },
          "sensitive_attributes": [],
          "private": "eyJlMmJmYjczMC1lY2FhLTExZTYtOGY4OC0zNDM2M2JjN2M0YzAiOnsiY3JlYXRlIjozMDAwMDAwMDAwMCwidXBkYXRlIjozMDAwMDAwMDAwMH0sInNjaGVtYV92ZXJzaW9uIjoiMiJ9"
        }
      ]
    }
  ],
  "check_results": null
}
